// !$*UTF8*$!
{
	archiveVersion = 1;
	classes = {
	};
	objectVersion = 50;
	objects = {

/* Begin PBXBuildFile section */
		CE240BC2225C8DFC00412F1C /* AppDelegate.m in Sources */ = {isa = PBXBuildFile; fileRef = CE240BC1225C8DFC00412F1C /* AppDelegate.m */; };
		CE240BC5225C8DFC00412F1C /* ViewController.m in Sources */ = {isa = PBXBuildFile; fileRef = CE240BC4225C8DFC00412F1C /* ViewController.m */; };
		CE240BC8225C8DFC00412F1C /* Main.storyboard in Resources */ = {isa = PBXBuildFile; fileRef = CE240BC6225C8DFC00412F1C /* Main.storyboard */; };
		CE240BCA225C8E1000412F1C /* Assets.xcassets in Resources */ = {isa = PBXBuildFile; fileRef = CE240BC9225C8E1000412F1C /* Assets.xcassets */; };
		CE240BCD225C8E1000412F1C /* LaunchScreen.storyboard in Resources */ = {isa = PBXBuildFile; fileRef = CE240BCB225C8E1000412F1C /* LaunchScreen.storyboard */; };
		CE240BD0225C8E1000412F1C /* main.m in Sources */ = {isa = PBXBuildFile; fileRef = CE240BCF225C8E1000412F1C /* main.m */; };
		CE240BD9225C8E5400412F1C /* JHBNumberTextField.m in Sources */ = {isa = PBXBuildFile; fileRef = CE240BD8225C8E5400412F1C /* JHBNumberTextField.m */; };
/* End PBXBuildFile section */

/* Begin PBXFileReference section */
		CE240BBD225C8DFC00412F1C /* JHBNumberTextField.app */ = {isa = PBXFileReference; explicitFileType = wrapper.application; includeInIndex = 0; path = JHBNumberTextField.app; sourceTree = BUILT_PRODUCTS_DIR; };
		CE240BC0225C8DFC00412F1C /* AppDelegate.h */ = {isa = PBXFileReference; lastKnownFileType = sourcecode.c.h; path = AppDelegate.h; sourceTree = "<group>"; };
		CE240BC1225C8DFC00412F1C /* AppDelegate.m */ = {isa = PBXFileReference; lastKnownFileType = sourcecode.c.objc; path = AppDelegate.m; sourceTree = "<group>"; };
		CE240BC3225C8DFC00412F1C /* ViewController.h */ = {isa = PBXFileReference; lastKnownFileType = sourcecode.c.h; path = ViewController.h; sourceTree = "<group>"; };
		CE240BC4225C8DFC00412F1C /* ViewController.m */ = {isa = PBXFileReference; lastKnownFileType = sourcecode.c.objc; path = ViewController.m; sourceTree = "<group>"; };
		CE240BC7225C8DFC00412F1C /* Base */ = {isa = PBXFileReference; lastKnownFileType = file.storyboard; name = Base; path = Base.lproj/Main.storyboard; sourceTree = "<group>"; };
		CE240BC9225C8E1000412F1C /* Assets.xcassets */ = {isa = PBXFileReference; lastKnownFileType = folder.assetcatalog; path = Assets.xcassets; sourceTree = "<group>"; };
		CE240BCC225C8E1000412F1C /* Base */ = {isa = PBXFileReference; lastKnownFileType = file.storyboard; name = Base; path = Base.lproj/LaunchScreen.storyboard; sourceTree = "<group>"; };
		CE240BCE225C8E1000412F1C /* Info.plist */ = {isa = PBXFileReference; lastKnownFileType = text.plist.xml; path = Info.plist; sourceTree = "<group>"; };
		CE240BCF225C8E1000412F1C /* main.m */ = {isa = PBXFileReference; lastKnownFileType = sourcecode.c.objc; path = main.m; sourceTree = "<group>"; };
		CE240BD7225C8E5400412F1C /* JHBNumberTextField.h */ = {isa = PBXFileReference; lastKnownFileType = sourcecode.c.h; path = JHBNumberTextField.h; sourceTree = "<group>"; };
		CE240BD8225C8E5400412F1C /* JHBNumberTextField.m */ = {isa = PBXFileReference; lastKnownFileType = sourcecode.c.objc; path = JHBNumberTextField.m; sourceTree = "<group>"; };
/* End PBXFileReference section */

/* Begin PBXFrameworksBuildPhase section */
		CE240BBA225C8DFC00412F1C /* Frameworks */ = {
			isa = PBXFrameworksBuildPhase;
			buildActionMask = 2147483647;
			files = (
			);
			runOnlyForDeploymentPostprocessing = 0;
		};
/* End PBXFrameworksBuildPhase section */

/* Begin PBXGroup section */
		CE240BB4225C8DFC00412F1C = {
			isa = PBXGroup;
			children = (
				CE240BBF225C8DFC00412F1C /* JHBNumberTextField */,
				CE240BBE225C8DFC00412F1C /* Products */,
			);
			sourceTree = "<group>";
		};
		CE240BBE225C8DFC00412F1C /* Products */ = {
			isa = PBXGroup;
			children = (
				CE240BBD225C8DFC00412F1C /* JHBNumberTextField.app */,
			);
			name = Products;
			sourceTree = "<group>";
		};
		CE240BBF225C8DFC00412F1C /* JHBNumberTextField */ = {
			isa = PBXGroup;
			children = (
				CE240BD6225C8E3100412F1C /* JHBNumberTextField */,
				CE240BC0225C8DFC00412F1C /* AppDelegate.h */,
				CE240BC1225C8DFC00412F1C /* AppDelegate.m */,
				CE240BC3225C8DFC00412F1C /* ViewController.h */,
				CE240BC4225C8DFC00412F1C /* ViewController.m */,
				CE240BC6225C8DFC00412F1C /* Main.storyboard */,
				CE240BC9225C8E1000412F1C /* Assets.xcassets */,
				CE240BCB225C8E1000412F1C /* LaunchScreen.storyboard */,
				CE240BCE225C8E1000412F1C /* Info.plist */,
				CE240BCF225C8E1000412F1C /* main.m */,
			);
			path = JHBNumberTextField;
			sourceTree = "<group>";
		};
		CE240BD6225C8E3100412F1C /* JHBNumberTextField */ = {
			isa = PBXGroup;
			children = (
				CE240BD7225C8E5400412F1C /* JHBNumberTextField.h */,
				CE240BD8225C8E5400412F1C /* JHBNumberTextField.m */,
			);
			path = JHBNumberTextField;
			sourceTree = "<group>";
		};
/* End PBXGroup section */

/* Begin PBXNativeTarget section */
		CE240BBC225C8DFC00412F1C /* JHBNumberTextField */ = {
			isa = PBXNativeTarget;
			buildConfigurationList = CE240BD3225C8E1000412F1C /* Build configuration list for PBXNativeTarget "JHBNumberTextField" */;
			buildPhases = (
				CE240BB9225C8DFC00412F1C /* Sources */,
				CE240BBA225C8DFC00412F1C /* Frameworks */,
				CE240BBB225C8DFC00412F1C /* Resources */,
			);
			buildRules = (
			);
			dependencies = (
			);
			name = JHBNumberTextField;
			productName = JHBNumberTextField;
			productReference = CE240BBD225C8DFC00412F1C /* JHBNumberTextField.app */;
			productType = "com.apple.product-type.application";
		};
/* End PBXNativeTarget section */

/* Begin PBXProject section */
		CE240BB5225C8DFC00412F1C /* Project object */ = {
			isa = PBXProject;
			attributes = {
				LastUpgradeCheck = 1010;
				ORGANIZATIONNAME = jianghongbing;
				TargetAttributes = {
					CE240BBC225C8DFC00412F1C = {
						CreatedOnToolsVersion = 10.1;
					};
				};
			};
			buildConfigurationList = CE240BB8225C8DFC00412F1C /* Build configuration list for PBXProject "JHBNumberTextField" */;
			compatibilityVersion = "Xcode 9.3";
			developmentRegion = en;
			hasScannedForEncodings = 0;
			knownRegions = (
				en,
				Base,
			);
			mainGroup = CE240BB4225C8DFC00412F1C;
			productRefGroup = CE240BBE225C8DFC00412F1C /* Products */;
			projectDirPath = "";
			projectRoot = "";
			targets = (
				CE240BBC225C8DFC00412F1C /* JHBNumberTextField */,
			);
		};
/* End PBXProject section */

/* Begin PBXResourcesBuildPhase section */
		CE240BBB225C8DFC00412F1C /* Resources */ = {
			isa = PBXResourcesBuildPhase;
			buildActionMask = 2147483647;
			files = (
				CE240BCD225C8E1000412F1C /* LaunchScreen.storyboard in Resources */,
				CE240BCA225C8E1000412F1C /* Assets.xcassets in Resources */,
				CE240BC8225C8DFC00412F1C /* Main.storyboard in Resources */,
			);
			runOnlyForDeploymentPostprocessing = 0;
		};
/* End PBXResourcesBuildPhase section */

/* Begin PBXSourcesBuildPhase section */
		CE240BB9225C8DFC00412F1C /* Sources */ = {
			isa = PBXSourcesBuildPhase;
			buildActionMask = 2147483647;
			files = (
				CE240BC5225C8DFC00412F1C /* ViewController.m in Sources */,
				CE240BD9225C8E5400412F1C /* JHBNumberTextField.m in Sources */,
				CE240BD0225C8E1000412F1C /* main.m in Sources */,
				CE240BC2225C8DFC00412F1C /* AppDelegate.m in Sources */,
			);
			runOnlyForDeploymentPostprocessing = 0;
		};
/* End PBXSourcesBuildPhase section */

/* Begin PBXVariantGroup section */
		CE240BC6225C8DFC00412F1C /* Main.storyboard */ = {
			isa = PBXVariantGroup;
			children = (
				CE240BC7225C8DFC00412F1C /* Base */,
			);
			name = Main.storyboard;
			sourceTree = "<group>";
		};
		CE240BCB225C8E1000412F1C /* LaunchScreen.storyboard */ = {
			isa = PBXVariantGroup;
			children = (
				CE240BCC225C8E1000412F1C /* Base */,
			);
			name = LaunchScreen.storyboard;
			sourceTree = "<group>";
		};
/* End PBXVariantGroup section */

/* Begin XCBuildConfiguration section */
		CE240BD1225C8E1000412F1C /* Debug */ = {
			isa = XCBuildConfiguration;
			buildSettings = {
				ALWAYS_SEARCH_USER_PATHS = NO;
				CLANG_ANALYZER_NONNULL = YES;
				CLANG_ANALYZER_NUMBER_OBJECT_CONVERSION = YES_AGGRESSIVE;
				CLANG_CXX_LANGUAGE_STANDARD = "gnu++14";
				CLANG_CXX_LIBRARY = "libc++";
				CLANG_ENABLE_MODULES = YES;
				CLANG_ENABLE_OBJC_ARC = YES;
				CLANG_ENABLE_OBJC_WEAK = YES;
				CLANG_WARN_BLOCK_CAPTURE_AUTORELEASING = YES;
				CLANG_WARN_BOOL_CONVERSION = YES;
				CLANG_WARN_COMMA = YES;
				CLANG_WARN_CONSTANT_CONVERSION = YES;
				CLANG_WARN_DEPRECATED_OBJC_IMPLEMENTATIONS = YES;
				CLANG_WARN_DIRECT_OBJC_ISA_USAGE = YES_ERROR;
				CLANG_WARN_DOCUMENTATION_COMMENTS = YES;
				CLANG_WARN_EMPTY_BODY = YES;
				CLANG_WARN_ENUM_CONVERSION = YES;
				CLANG_WARN_INFINITE_RECURSION = YES;
				CLANG_WARN_INT_CONVERSION = YES;
				CLANG_WARN_NON_LITERAL_NULL_CONVERSION = YES;
				CLANG_WARN_OBJC_IMPLICIT_RETAIN_SELF = YES;
				CLANG_WARN_OBJC_LITERAL_CONVERSION = YES;
				CLANG_WARN_OBJC_ROOT_CLASS = YES_ERROR;
				CLANG_WARN_RANGE_LOOP_ANALYSIS = YES;
				CLANG_WARN_STRICT_PROTOTYPES = YES;
				CLANG_WARN_SUSPICIOUS_MOVE = YES;
				CLANG_WARN_UNGUARDED_AVAILABILITY = YES_AGGRESSIVE;
				CLANG_WARN_UNREACHABLE_CODE = YES;
				CLANG_WARN__DUPLICATE_METHOD_MATCH = YES;
				CODE_SIGN_IDENTITY = "iPhone Developer";
				COPY_PHASE_STRIP = NO;
				DEBUG_INFORMATION_FORMAT = dwarf;
				ENABLE_STRICT_OBJC_MSGSEND = YES;
				ENABLE_TESTABILITY = YES;
				GCC_C_LANGUAGE_STANDARD = gnu11;
				GCC_DYNAMIC_NO_PIC = NO;
				GCC_NO_COMMON_BLOCKS = YES;
				GCC_OPTIMIZATION_LEVEL = 0;
				GCC_PREPROCESSOR_DEFINITIONS = (
					"DEBUG=1",
					"$(inherited)",
				);
				GCC_WARN_64_TO_32_BIT_CONVERSION = YES;
				GCC_WARN_ABOUT_RETURN_TYPE = YES_ERROR;
				GCC_WARN_UNDECLARED_SELECTOR = YES;
				GCC_WARN_UNINITIALIZED_AUTOS = YES_AGGRESSIVE;
				GCC_WARN_UNUSED_FUNCTION = YES;
				GCC_WARN_UNUSED_VARIABLE = YES;
				IPHONEOS_DEPLOYMENT_TARGET = 12.1;
				MTL_ENABLE_DEBUG_INFO = INCLUDE_SOURCE;
				MTL_FAST_MATH = YES;
				ONLY_ACTIVE_ARCH = YES;
				SDKROOT = iphoneos;
			};
			name = Debug;
		};
		CE240BD2225C8E1000412F1C /* Release */ = {
			isa = XCBuildConfiguration;
			buildSettings = {
				ALWAYS_SEARCH_USER_PATHS = NO;
				CLANG_ANALYZER_NONNULL = YES;
				CLANG_ANALYZER_NUMBER_OBJECT_CONVERSION = YES_AGGRESSIVE;
				CLANG_CXX_LANGUAGE_STANDARD = "gnu++14";
				CLANG_CXX_LIBRARY = "libc++";
				CLANG_ENABLE_MODULES = YES;
				CLANG_ENABLE_OBJC_ARC = YES;
				CLANG_ENABLE_OBJC_WEAK = YES;
				CLANG_WARN_BLOCK_CAPTURE_AUTORELEASING = YES;
				CLANG_WARN_BOOL_CONVERSION = YES;
				CLANG_WARN_COMMA = YES;
				CLANG_WARN_CONSTANT_CONVERSION = YES;
				CLANG_WARN_DEPRECATED_OBJC_IMPLEMENTATIONS = YES;
				CLANG_WARN_DIRECT_OBJC_ISA_USAGE = YES_ERROR;
				CLANG_WARN_DOCUMENTATION_COMMENTS = YES;
				CLANG_WARN_EMPTY_BODY = YES;
				CLANG_WARN_ENUM_CONVERSION = YES;
				CLANG_WARN_INFINITE_RECURSION = YES;
				CLANG_WARN_INT_CONVERSION = YES;
				CLANG_WARN_NON_LITERAL_NULL_CONVERSION = YES;
				CLANG_WARN_OBJC_IMPLICIT_RETAIN_SELF = YES;
				CLANG_WARN_OBJC_LITERAL_CONVERSION = YES;
				CLANG_WARN_OBJC_ROOT_CLASS = YES_ERROR;
				CLANG_WARN_RANGE_LOOP_ANALYSIS = YES;
				CLANG_WARN_STRICT_PROTOTYPES = YES;
				CLANG_WARN_SUSPICIOUS_MOVE = YES;
				CLANG_WARN_UNGUARDED_AVAILABILITY = YES_AGGRESSIVE;
				CLANG_WARN_UNREACHABLE_CODE = YES;
				CLANG_WARN__DUPLICATE_METHOD_MATCH = YES;
				CODE_SIGN_IDENTITY = "iPhone Developer";
				COPY_PHASE_STRIP = NO;
				DEBUG_INFORMATION_FORMAT = "dwarf-with-dsym";
				ENABLE_NS_ASSERTIONS = NO;
				ENABLE_STRICT_OBJC_MSGSEND = YES;
				GCC_C_LANGUAGE_STANDARD = gnu11;
				GCC_NO_COMMON_BLOCKS = YES;
				GCC_WARN_64_TO_32_BIT_CONVERSION = YES;
				GCC_WARN_ABOUT_RETURN_TYPE = YES_ERROR;
				GCC_WARN_UNDECLARED_SELECTOR = YES;
				GCC_WARN_UNINITIALIZED_AUTOS = YES_AGGRESSIVE;
				GCC_WARN_UNUSED_FUNCTION = YES;
				GCC_WARN_UNUSED_VARIABLE = YES;
				IPHONEOS_DEPLOYMENT_TARGET = 12.1;
				MTL_ENABLE_DEBUG_INFO = NO;
				MTL_FAST_MATH = YES;
				SDKROOT = iphoneos;
				VALIDATE_PRODUCT = YES;
			};
			name = Release;
		};
		CE240BD4225C8E1000412F1C /* Debug */ = {
			isa = XCBuildConfiguration;
			buildSettings = {
				ASSETCATALOG_COMPILER_APPICON_NAME = AppIcon;
				CODE_SIGN_STYLE = Automatic;
				DEVELOPMENT_TEAM = D558U7U967;
				INFOPLIST_FILE = JHBNumberTextField/Info.plist;
				IPHONEOS_DEPLOYMENT_TARGET = 8.0;
				LD_RUNPATH_SEARCH_PATHS = (
					"$(inherited)",
					"@executable_path/Frameworks",
				);
				PRODUCT_BUNDLE_IDENTIFIER = com.jianghongbing.JHBNumberTextField;
				PRODUCT_NAME = "$(TARGET_NAME)";
				TARGETED_DEVICE_FAMILY = "1,2";
			};
			name = Debug;
		};
		CE240BD5225C8E1000412F1C /* Release */ = {
			isa = XCBuildConfiguration;
			buildSettings = {
				ASSETCATALOG_COMPILER_APPICON_NAME = AppIcon;
				CODE_SIGN_STYLE = Automatic;
				DEVELOPMENT_TEAM = D558U7U967;
				INFOPLIST_FILE = JHBNumberTextField/Info.plist;
				IPHONEOS_DEPLOYMENT_TARGET = 8.0;
				LD_RUNPATH_SEARCH_PATHS = (
					"$(inherited)",
					"@executable_path/Frameworks",
				);
				PRODUCT_BUNDLE_IDENTIFIER = com.jianghongbing.JHBNumberTextField;
				PRODUCT_NAME = "$(TARGET_NAME)";
				TARGETED_DEVICE_FAMILY = "1,2";
			};
			name = Release;
		};
/* End XCBuildConfiguration section */

/* Begin XCConfigurationList section */
		CE240BB8225C8DFC00412F1C /* Build configuration list for PBXProject "JHBNumberTextField" */ = {
			isa = XCConfigurationList;
			buildConfigurations = (
				CE240BD1225C8E1000412F1C /* Debug */,
				CE240BD2225C8E1000412F1C /* Release */,
			);
			defaultConfigurationIsVisible = 0;
			defaultConfigurationName = Release;
		};
		CE240BD3225C8E1000412F1C /* Build configuration list for PBXNativeTarget "JHBNumberTextField" */ = {
			isa = XCConfigurationList;
			buildConfigurations = (
				CE240BD4225C8E1000412F1C /* Debug */,
				CE240BD5225C8E1000412F1C /* Release */,
			);
			defaultConfigurationIsVisible = 0;
			defaultConfigurationName = Release;
		};
/* End XCConfigurationList section */
	};
	rootObject = CE240BB5225C8DFC00412F1C /* Project object */;
}
